// !$*UTF8*$!
{
	archiveVersion = 1;
	classes = {
	};
	objectVersion = 46;
	objects = {

/* Begin PBXBuildFile section */
		A01BFAAF15A6510700364220 /* click.wav in Resources */ = {isa = PBXBuildFile; fileRef = A01BFAAE15A6510700364220 /* click.wav */; };
		A01BFAB215A657B900364220 /* AudioToolbox.framework in Frameworks */ = {isa = PBXBuildFile; fileRef = A01BFAB015A6578000364220 /* AudioToolbox.framework */; };
		A061310415B0A6BE00C72B23 /* iPad.storyboard in Resources */ = {isa = PBXBuildFile; fileRef = A061310215B0A6BE00C72B23 /* iPad.storyboard */; };
		A061311315B0AF1200C72B23 /* ipadgraphicon.png in Resources */ = {isa = PBXBuildFile; fileRef = A061311215B0AF1200C72B23 /* ipadgraphicon.png */; };
		A061311515B0AF1B00C72B23 /* ipadgraphicon@2x.png in Resources */ = {isa = PBXBuildFile; fileRef = A061311415B0AF1B00C72B23 /* ipadgraphicon@2x.png */; };
		A061311715B0AF2D00C72B23 /* graphicon@2x.png in Resources */ = {isa = PBXBuildFile; fileRef = A061311615B0AF2D00C72B23 /* graphicon@2x.png */; };
		A061311915B0AF3400C72B23 /* graphicon.png in Resources */ = {isa = PBXBuildFile; fileRef = A061311815B0AF3400C72B23 /* graphicon.png */; };
		A0636BD615AF631700973EC4 /* AxesDrawer.m in Sources */ = {isa = PBXBuildFile; fileRef = A0636BD515AF631700973EC4 /* AxesDrawer.m */; };
		A0636BDC15AF8FFD00973EC4 /* GraphViewController.m in Sources */ = {isa = PBXBuildFile; fileRef = A0636BDB15AF8FFD00973EC4 /* GraphViewController.m */; };
		A0636BDF15AF904800973EC4 /* GraphView.m in Sources */ = {isa = PBXBuildFile; fileRef = A0636BDE15AF904800973EC4 /* GraphView.m */; };
		A0636BE415AF93E900973EC4 /* graph.png in Resources */ = {isa = PBXBuildFile; fileRef = A0636BE215AF93E800973EC4 /* graph.png */; };
		A0636BE515AF93E900973EC4 /* graph@2x.png in Resources */ = {isa = PBXBuildFile; fileRef = A0636BE315AF93E900973EC4 /* graph@2x.png */; };
		A0CF9F3B157D98290092B399 /* UIKit.framework in Frameworks */ = {isa = PBXBuildFile; fileRef = A0CF9F3A157D98290092B399 /* UIKit.framework */; };
		A0CF9F3D157D98290092B399 /* Foundation.framework in Frameworks */ = {isa = PBXBuildFile; fileRef = A0CF9F3C157D98290092B399 /* Foundation.framework */; };
		A0CF9F3F157D98290092B399 /* CoreGraphics.framework in Frameworks */ = {isa = PBXBuildFile; fileRef = A0CF9F3E157D98290092B399 /* CoreGraphics.framework */; };
		A0CF9F45157D98290092B399 /* InfoPlist.strings in Resources */ = {isa = PBXBuildFile; fileRef = A0CF9F43157D98290092B399 /* InfoPlist.strings */; };
		A0CF9F47157D98290092B399 /* main.m in Sources */ = {isa = PBXBuildFile; fileRef = A0CF9F46157D98290092B399 /* main.m */; };
		A0CF9F4B157D98290092B399 /* CalculatorAppDelegate.m in Sources */ = {isa = PBXBuildFile; fileRef = A0CF9F4A157D98290092B399 /* CalculatorAppDelegate.m */; };
		A0CF9F4E157D98290092B399 /* iPhone.storyboard in Resources */ = {isa = PBXBuildFile; fileRef = A0CF9F4C157D98290092B399 /* iPhone.storyboard */; };
		A0CF9F51157D98290092B399 /* CalculatorViewController.m in Sources */ = {isa = PBXBuildFile; fileRef = A0CF9F50157D98290092B399 /* CalculatorViewController.m */; };
		A0CF9F59157DA23E0092B399 /* CalculatorBrain.m in Sources */ = {isa = PBXBuildFile; fileRef = A0CF9F58157DA23E0092B399 /* CalculatorBrain.m */; };
/* End PBXBuildFile section */

/* Begin PBXFileReference section */
		A01BFAAE15A6510700364220 /* click.wav */ = {isa = PBXFileReference; lastKnownFileType = audio.wav; path = click.wav; sourceTree = "<group>"; };
		A01BFAB015A6578000364220 /* AudioToolbox.framework */ = {isa = PBXFileReference; lastKnownFileType = wrapper.framework; name = AudioToolbox.framework; path = System/Library/Frameworks/AudioToolbox.framework; sourceTree = SDKROOT; };
		A061310315B0A6BE00C72B23 /* en */ = {isa = PBXFileReference; lastKnownFileType = file.storyboard; name = en; path = en.lproj/iPad.storyboard; sourceTree = "<group>"; };
		A061311215B0AF1200C72B23 /* ipadgraphicon.png */ = {isa = PBXFileReference; lastKnownFileType = image.png; name = ipadgraphicon.png; path = ../ipadgraphicon.png; sourceTree = "<group>"; };
		A061311415B0AF1B00C72B23 /* ipadgraphicon@2x.png */ = {isa = PBXFileReference; lastKnownFileType = image.png; name = "ipadgraphicon@2x.png"; path = "../ipadgraphicon@2x.png"; sourceTree = "<group>"; };
		A061311615B0AF2D00C72B23 /* graphicon@2x.png */ = {isa = PBXFileReference; lastKnownFileType = image.png; name = "graphicon@2x.png"; path = "../graphicon@2x.png"; sourceTree = "<group>"; };
		A061311815B0AF3400C72B23 /* graphicon.png */ = {isa = PBXFileReference; lastKnownFileType = image.png; name = graphicon.png; path = ../graphicon.png; sourceTree = "<group>"; };
		A0636BD415AF631700973EC4 /* AxesDrawer.h */ = {isa = PBXFileReference; fileEncoding = 4; lastKnownFileType = sourcecode.c.h; path = AxesDrawer.h; sourceTree = "<group>"; };
		A0636BD515AF631700973EC4 /* AxesDrawer.m */ = {isa = PBXFileReference; fileEncoding = 4; lastKnownFileType = sourcecode.c.objc; path = AxesDrawer.m; sourceTree = "<group>"; };
		A0636BDA15AF8FFD00973EC4 /* GraphViewController.h */ = {isa = PBXFileReference; fileEncoding = 4; lastKnownFileType = sourcecode.c.h; path = GraphViewController.h; sourceTree = "<group>"; };
		A0636BDB15AF8FFD00973EC4 /* GraphViewController.m */ = {isa = PBXFileReference; fileEncoding = 4; lastKnownFileType = sourcecode.c.objc; path = GraphViewController.m; sourceTree = "<group>"; };
		A0636BDD15AF904800973EC4 /* GraphView.h */ = {isa = PBXFileReference; fileEncoding = 4; lastKnownFileType = sourcecode.c.h; path = GraphView.h; sourceTree = "<group>"; };
		A0636BDE15AF904800973EC4 /* GraphView.m */ = {isa = PBXFileReference; fileEncoding = 4; lastKnownFileType = sourcecode.c.objc; path = GraphView.m; sourceTree = "<group>"; };
		A0636BE215AF93E800973EC4 /* graph.png */ = {isa = PBXFileReference; lastKnownFileType = image.png; path = graph.png; sourceTree = "<group>"; };
		A0636BE315AF93E900973EC4 /* graph@2x.png */ = {isa = PBXFileReference; lastKnownFileType = image.png; path = "graph@2x.png"; sourceTree = "<group>"; };
		A0CF9F36157D98290092B399 /* Calculator.app */ = {isa = PBXFileReference; explicitFileType = wrapper.application; includeInIndex = 0; path = Calculator.app; sourceTree = BUILT_PRODUCTS_DIR; };
		A0CF9F3A157D98290092B399 /* UIKit.framework */ = {isa = PBXFileReference; lastKnownFileType = wrapper.framework; name = UIKit.framework; path = System/Library/Frameworks/UIKit.framework; sourceTree = SDKROOT; };
		A0CF9F3C157D98290092B399 /* Foundation.framework */ = {isa = PBXFileReference; lastKnownFileType = wrapper.framework; name = Foundation.framework; path = System/Library/Frameworks/Foundation.framework; sourceTree = SDKROOT; };
		A0CF9F3E157D98290092B399 /* CoreGraphics.framework */ = {isa = PBXFileReference; lastKnownFileType = wrapper.framework; name = CoreGraphics.framework; path = System/Library/Frameworks/CoreGraphics.framework; sourceTree = SDKROOT; };
		A0CF9F42157D98290092B399 /* Calculator-Info.plist */ = {isa = PBXFileReference; lastKnownFileType = text.plist.xml; path = "Calculator-Info.plist"; sourceTree = "<group>"; };
		A0CF9F44157D98290092B399 /* en */ = {isa = PBXFileReference; lastKnownFileType = text.plist.strings; name = en; path = en.lproj/InfoPlist.strings; sourceTree = "<group>"; };
		A0CF9F46157D98290092B399 /* main.m */ = {isa = PBXFileReference; lastKnownFileType = sourcecode.c.objc; path = main.m; sourceTree = "<group>"; };
		A0CF9F48157D98290092B399 /* Calculator-Prefix.pch */ = {isa = PBXFileReference; lastKnownFileType = sourcecode.c.h; path = "Calculator-Prefix.pch"; sourceTree = "<group>"; };
		A0CF9F49157D98290092B399 /* CalculatorAppDelegate.h */ = {isa = PBXFileReference; lastKnownFileType = sourcecode.c.h; path = CalculatorAppDelegate.h; sourceTree = "<group>"; };
		A0CF9F4A157D98290092B399 /* CalculatorAppDelegate.m */ = {isa = PBXFileReference; lastKnownFileType = sourcecode.c.objc; path = CalculatorAppDelegate.m; sourceTree = "<group>"; };
		A0CF9F4D157D98290092B399 /* en */ = {isa = PBXFileReference; lastKnownFileType = file.storyboard; name = en; path = en.lproj/iPhone.storyboard; sourceTree = "<group>"; };
		A0CF9F4F157D98290092B399 /* CalculatorViewController.h */ = {isa = PBXFileReference; lastKnownFileType = sourcecode.c.h; path = CalculatorViewController.h; sourceTree = "<group>"; };
		A0CF9F50157D98290092B399 /* CalculatorViewController.m */ = {isa = PBXFileReference; lastKnownFileType = sourcecode.c.objc; path = CalculatorViewController.m; sourceTree = "<group>"; };
		A0CF9F57157DA23E0092B399 /* CalculatorBrain.h */ = {isa = PBXFileReference; fileEncoding = 4; lastKnownFileType = sourcecode.c.h; path = CalculatorBrain.h; sourceTree = "<group>"; };
		A0CF9F58157DA23E0092B399 /* CalculatorBrain.m */ = {isa = PBXFileReference; fileEncoding = 4; lastKnownFileType = sourcecode.c.objc; path = CalculatorBrain.m; sourceTree = "<group>"; };
/* End PBXFileReference section */

/* Begin PBXFrameworksBuildPhase section */
		A0CF9F33157D98290092B399 /* Frameworks */ = {
			isa = PBXFrameworksBuildPhase;
			buildActionMask = 2147483647;
			files = (
				A0CF9F3B157D98290092B399 /* UIKit.framework in Frameworks */,
				A0CF9F3D157D98290092B399 /* Foundation.framework in Frameworks */,
				A0CF9F3F157D98290092B399 /* CoreGraphics.framework in Frameworks */,
				A01BFAB215A657B900364220 /* AudioToolbox.framework in Frameworks */,
			);
			runOnlyForDeploymentPostprocessing = 0;
		};
/* End PBXFrameworksBuildPhase section */

/* Begin PBXGroup section */
		A01BFAAD15A64E9300364220 /* Resources */ = {
			isa = PBXGroup;
			children = (
				A061311815B0AF3400C72B23 /* graphicon.png */,
				A061311615B0AF2D00C72B23 /* graphicon@2x.png */,
				A061311415B0AF1B00C72B23 /* ipadgraphicon@2x.png */,
				A061311215B0AF1200C72B23 /* ipadgraphicon.png */,
				A0636BE215AF93E800973EC4 /* graph.png */,
				A0636BE315AF93E900973EC4 /* graph@2x.png */,
				A01BFAAE15A6510700364220 /* click.wav */,
			);
			name = Resources;
			sourceTree = "<group>";
		};
		A0636BD315AF631700973EC4 /* AxesDrawer */ = {
			isa = PBXGroup;
			children = (
				A0636BD415AF631700973EC4 /* AxesDrawer.h */,
				A0636BD515AF631700973EC4 /* AxesDrawer.m */,
			);
			path = AxesDrawer;
			sourceTree = "<group>";
		};
		A0CF9F2B157D98290092B399 = {
			isa = PBXGroup;
			children = (
				A0CF9F40157D98290092B399 /* Calculator */,
				A0CF9F39157D98290092B399 /* Frameworks */,
				A0CF9F37157D98290092B399 /* Products */,
			);
			sourceTree = "<group>";
		};
		A0CF9F37157D98290092B399 /* Products */ = {
			isa = PBXGroup;
			children = (
				A0CF9F36157D98290092B399 /* Calculator.app */,
			);
			name = Products;
			sourceTree = "<group>";
		};
		A0CF9F39157D98290092B399 /* Frameworks */ = {
			isa = PBXGroup;
			children = (
				A0CF9F3A157D98290092B399 /* UIKit.framework */,
				A0CF9F3C157D98290092B399 /* Foundation.framework */,
				A0CF9F3E157D98290092B399 /* CoreGraphics.framework */,
				A01BFAB015A6578000364220 /* AudioToolbox.framework */,
			);
			name = Frameworks;
			sourceTree = "<group>";
		};
		A0CF9F40157D98290092B399 /* Calculator */ = {
			isa = PBXGroup;
			children = (
				A0CF9F49157D98290092B399 /* CalculatorAppDelegate.h */,
				A0CF9F4A157D98290092B399 /* CalculatorAppDelegate.m */,
				A0636BDD15AF904800973EC4 /* GraphView.h */,
				A0636BDE15AF904800973EC4 /* GraphView.m */,
				A0636BDA15AF8FFD00973EC4 /* GraphViewController.h */,
				A0636BDB15AF8FFD00973EC4 /* GraphViewController.m */,
				A0CF9F57157DA23E0092B399 /* CalculatorBrain.h */,
				A0CF9F58157DA23E0092B399 /* CalculatorBrain.m */,
				A0CF9F4F157D98290092B399 /* CalculatorViewController.h */,
				A0CF9F50157D98290092B399 /* CalculatorViewController.m */,
				A0CF9F4C157D98290092B399 /* iPhone.storyboard */,
				A061310215B0A6BE00C72B23 /* iPad.storyboard */,
				A0636BD315AF631700973EC4 /* AxesDrawer */,
				A0CF9F41157D98290092B399 /* Supporting Files */,
			);
			path = Calculator;
			sourceTree = "<group>";
		};
		A0CF9F41157D98290092B399 /* Supporting Files */ = {
			isa = PBXGroup;
			children = (
				A01BFAAD15A64E9300364220 /* Resources */,
				A0CF9F42157D98290092B399 /* Calculator-Info.plist */,
				A0CF9F43157D98290092B399 /* InfoPlist.strings */,
				A0CF9F46157D98290092B399 /* main.m */,
				A0CF9F48157D98290092B399 /* Calculator-Prefix.pch */,
			);
			name = "Supporting Files";
			sourceTree = "<group>";
		};
/* End PBXGroup section */

/* Begin PBXNativeTarget section */
		A0CF9F35157D98290092B399 /* Calculator */ = {
			isa = PBXNativeTarget;
			buildConfigurationList = A0CF9F54157D98290092B399 /* Build configuration list for PBXNativeTarget "Calculator" */;
			buildPhases = (
				A0CF9F32157D98290092B399 /* Sources */,
				A0CF9F33157D98290092B399 /* Frameworks */,
				A0CF9F34157D98290092B399 /* Resources */,
			);
			buildRules = (
			);
			dependencies = (
			);
			name = Calculator;
			productName = Calculator;
			productReference = A0CF9F36157D98290092B399 /* Calculator.app */;
			productType = "com.apple.product-type.application";
		};
/* End PBXNativeTarget section */

/* Begin PBXProject section */
		A0CF9F2D157D98290092B399 /* Project object */ = {
			isa = PBXProject;
			attributes = {
				CLASSPREFIX = Calculator;
				LastUpgradeCheck = 0430;
				ORGANIZATIONNAME = "Computers For Peace";
			};
			buildConfigurationList = A0CF9F30157D98290092B399 /* Build configuration list for PBXProject "Calculator" */;
			compatibilityVersion = "Xcode 3.2";
			developmentRegion = English;
			hasScannedForEncodings = 0;
			knownRegions = (
				en,
			);
			mainGroup = A0CF9F2B157D98290092B399;
			productRefGroup = A0CF9F37157D98290092B399 /* Products */;
			projectDirPath = "";
			projectRoot = "";
			targets = (
				A0CF9F35157D98290092B399 /* Calculator */,
			);
		};
/* End PBXProject section */

/* Begin PBXResourcesBuildPhase section */
		A0CF9F34157D98290092B399 /* Resources */ = {
			isa = PBXResourcesBuildPhase;
			buildActionMask = 2147483647;
			files = (
				A0CF9F45157D98290092B399 /* InfoPlist.strings in Resources */,
				A0CF9F4E157D98290092B399 /* iPhone.storyboard in Resources */,
				A01BFAAF15A6510700364220 /* click.wav in Resources */,
				A0636BE415AF93E900973EC4 /* graph.png in Resources */,
				A0636BE515AF93E900973EC4 /* graph@2x.png in Resources */,
				A061310415B0A6BE00C72B23 /* iPad.storyboard in Resources */,
				A061311315B0AF1200C72B23 /* ipadgraphicon.png in Resources */,
				A061311515B0AF1B00C72B23 /* ipadgraphicon@2x.png in Resources */,
				A061311715B0AF2D00C72B23 /* graphicon@2x.png in Resources */,
				A061311915B0AF3400C72B23 /* graphicon.png in Resources */,
			);
			runOnlyForDeploymentPostprocessing = 0;
		};
/* End PBXResourcesBuildPhase section */

/* Begin PBXSourcesBuildPhase section */
		A0CF9F32157D98290092B399 /* Sources */ = {
			isa = PBXSourcesBuildPhase;
			buildActionMask = 2147483647;
			files = (
				A0CF9F47157D98290092B399 /* main.m in Sources */,
				A0CF9F4B157D98290092B399 /* CalculatorAppDelegate.m in Sources */,
				A0CF9F51157D98290092B399 /* CalculatorViewController.m in Sources */,
				A0CF9F59157DA23E0092B399 /* CalculatorBrain.m in Sources */,
				A0636BD615AF631700973EC4 /* AxesDrawer.m in Sources */,
				A0636BDC15AF8FFD00973EC4 /* GraphViewController.m in Sources */,
				A0636BDF15AF904800973EC4 /* GraphView.m in Sources */,
			);
			runOnlyForDeploymentPostprocessing = 0;
		};
/* End PBXSourcesBuildPhase section */

/* Begin PBXVariantGroup section */
		A061310215B0A6BE00C72B23 /* iPad.storyboard */ = {
			isa = PBXVariantGroup;
			children = (
				A061310315B0A6BE00C72B23 /* en */,
			);
			name = iPad.storyboard;
			sourceTree = "<group>";
		};
		A0CF9F43157D98290092B399 /* InfoPlist.strings */ = {
			isa = PBXVariantGroup;
			children = (
				A0CF9F44157D98290092B399 /* en */,
			);
			name = InfoPlist.strings;
			sourceTree = "<group>";
		};
		A0CF9F4C157D98290092B399 /* iPhone.storyboard */ = {
			isa = PBXVariantGroup;
			children = (
				A0CF9F4D157D98290092B399 /* en */,
			);
			name = iPhone.storyboard;
			sourceTree = "<group>";
		};
/* End PBXVariantGroup section */

/* Begin XCBuildConfiguration section */
		A0CF9F52157D98290092B399 /* Debug */ = {
			isa = XCBuildConfiguration;
			buildSettings = {
				ALWAYS_SEARCH_USER_PATHS = NO;
				ARCHS = "$(ARCHS_STANDARD_32_BIT)";
				CLANG_ENABLE_OBJC_ARC = YES;
				"CODE_SIGN_IDENTITY[sdk=iphoneos*]" = "iPhone Developer";
				COPY_PHASE_STRIP = NO;
				GCC_C_LANGUAGE_STANDARD = gnu99;
				GCC_DYNAMIC_NO_PIC = NO;
				GCC_OPTIMIZATION_LEVEL = 0;
				GCC_PREPROCESSOR_DEFINITIONS = (
					"DEBUG=1",
					"$(inherited)",
				);
				GCC_SYMBOLS_PRIVATE_EXTERN = NO;
				GCC_VERSION = com.apple.compilers.llvm.clang.1_0;
				GCC_WARN_ABOUT_RETURN_TYPE = YES;
				GCC_WARN_UNINITIALIZED_AUTOS = YES;
				GCC_WARN_UNUSED_VARIABLE = YES;
				IPHONEOS_DEPLOYMENT_TARGET = 5.1;
				SDKROOT = iphoneos;
			};
			name = Debug;
		};
		A0CF9F53157D98290092B399 /* Release */ = {
			isa = XCBuildConfiguration;
			buildSettings = {
				ALWAYS_SEARCH_USER_PATHS = NO;
				ARCHS = "$(ARCHS_STANDARD_32_BIT)";
				CLANG_ENABLE_OBJC_ARC = YES;
				"CODE_SIGN_IDENTITY[sdk=iphoneos*]" = "iPhone Developer";
				COPY_PHASE_STRIP = YES;
				GCC_C_LANGUAGE_STANDARD = gnu99;
				GCC_VERSION = com.apple.compilers.llvm.clang.1_0;
				GCC_WARN_ABOUT_RETURN_TYPE = YES;
				GCC_WARN_UNINITIALIZED_AUTOS = YES;
				GCC_WARN_UNUSED_VARIABLE = YES;
				IPHONEOS_DEPLOYMENT_TARGET = 5.1;
				OTHER_CFLAGS = "-DNS_BLOCK_ASSERTIONS=1";
				SDKROOT = iphoneos;
				VALIDATE_PRODUCT = YES;
			};
			name = Release;
		};
		A0CF9F55157D98290092B399 /* Debug */ = {
			isa = XCBuildConfiguration;
			buildSettings = {
				GCC_PRECOMPILE_PREFIX_HEADER = YES;
				GCC_PREFIX_HEADER = "Calculator/Calculator-Prefix.pch";
				INFOPLIST_FILE = "Calculator/Calculator-Info.plist";
				IPHONEOS_DEPLOYMENT_TARGET = 5.1;
				PRODUCT_NAME = "$(TARGET_NAME)";
				TARGETED_DEVICE_FAMILY = "1,2";
				WRAPPER_EXTENSION = app;
			};
			name = Debug;
		};
		A0CF9F56157D98290092B399 /* Release */ = {
			isa = XCBuildConfiguration;
			buildSettings = {
				GCC_PRECOMPILE_PREFIX_HEADER = YES;
				GCC_PREFIX_HEADER = "Calculator/Calculator-Prefix.pch";
				INFOPLIST_FILE = "Calculator/Calculator-Info.plist";
				IPHONEOS_DEPLOYMENT_TARGET = 5.1;
				PRODUCT_NAME = "$(TARGET_NAME)";
				TARGETED_DEVICE_FAMILY = "1,2";
				WRAPPER_EXTENSION = app;
			};
			name = Release;
		};
/* End XCBuildConfiguration section */

/* Begin XCConfigurationList section */
		A0CF9F30157D98290092B399 /* Build configuration list for PBXProject "Calculator" */ = {
			isa = XCConfigurationList;
			buildConfigurations = (
				A0CF9F52157D98290092B399 /* Debug */,
				A0CF9F53157D98290092B399 /* Release */,
			);
			defaultConfigurationIsVisible = 0;
			defaultConfigurationName = Release;
		};
		A0CF9F54157D98290092B399 /* Build configuration list for PBXNativeTarget "Calculator" */ = {
			isa = XCConfigurationList;
			buildConfigurations = (
				A0CF9F55157D98290092B399 /* Debug */,
				A0CF9F56157D98290092B399 /* Release */,
			);
			defaultConfigurationIsVisible = 0;
			defaultConfigurationName = Release;
		};
/* End XCConfigurationList section */
	};
	rootObject = A0CF9F2D157D98290092B399 /* Project object */;
}
